
Microsoft Visual Studio Solution File, Format Version 12.00
# Visual Studio Version 17
VisualStudioVersion = 17.8.34316.72
MinimumVisualStudioVersion = 10.0.40219.1
Project("{FAE04EC0-301F-11D3-BF4B-00C04F79EFBC}") = "jwt-token", "jwt-token\jwt-token.csproj", "{79A07ED3-E04A-4B88-9231-21C2FE5FDF5B}"
EndProject
Global
	GlobalSection(SolutionConfigurationPlatforms) = preSolution
		Debug|Any CPU = Debug|Any CPU
		Release|Any CPU = Release|Any CPU
	EndGlobalSection
	GlobalSection(ProjectConfigurationPlatforms) = postSolution
		{79A07ED3-E04A-4B88-9231-21C2FE5FDF5B}.Debug|Any CPU.ActiveCfg = Debug|Any CPU
		{79A07ED3-E04A-4B88-9231-21C2FE5FDF5B}.Debug|Any CPU.Build.0 = Debug|Any CPU
		{79A07ED3-E04A-4B88-9231-21C2FE5FDF5B}.Release|Any CPU.ActiveCfg = Release|Any CPU
		{79A07ED3-E04A-4B88-9231-21C2FE5FDF5B}.Release|Any CPU.Build.0 = Release|Any CPU
	EndGlobalSection
	GlobalSection(SolutionProperties) = preSolution
		HideSolutionNode = FALSE
	EndGlobalSection
	GlobalSection(ExtensibilityGlobals) = postSolution
		SolutionGuid = {EA8C982B-5317-4B03-B448-D26517B4A5A1}
	EndGlobalSection
EndGlobal
